
Microsoft Visual Studio Solution File, Format Version 12.00
# Visual Studio 15
VisualStudioVersion = 15.0.27130.2027
MinimumVisualStudioVersion = 10.0.40219.1
Project("{9A19103F-16F7-4668-BE54-9A1E7A4F7556}") = "Nokody.API", "Nokody.API\Nokody.API.csproj", "{CD263C6C-733F-498D-86E0-32E93F91EA1E}"
EndProject
Project("{9A19103F-16F7-4668-BE54-9A1E7A4F7556}") = "Nokody.API.Data", "Nokody.API.Data\Nokody.API.Data.csproj", "{1B869102-5464-4AC4-BAF4-3E21AB7FEDB5}"
EndProject
Project("{9A19103F-16F7-4668-BE54-9A1E7A4F7556}") = "Nokody.API.Domain", "Nokody.API.Domain\Nokody.API.Domain.csproj", "{4480772F-F892-40DD-A1B6-C03D8D8859B0}"
EndProject
Project("{9A19103F-16F7-4668-BE54-9A1E7A4F7556}") = "Nokody.API.Domain.Model", "Nokody.API.Domain.Model\Nokody.API.Domain.Model.csproj", "{E371D563-201E-4E82-B677-CA9506A51AF2}"
EndProject
Project("{2150E333-8FDC-42A3-9474-1A3956D46DE8}") = "1 - Web API", "1 - Web API", "{F8293DBD-F8AF-4EF3-B2DE-F9D13661F882}"
EndProject
Project("{2150E333-8FDC-42A3-9474-1A3956D46DE8}") = "2 - Domain", "2 - Domain", "{F5EB5267-2271-46F6-B002-4779C3EF038A}"
EndProject
Project("{2150E333-8FDC-42A3-9474-1A3956D46DE8}") = "3 - Data", "3 - Data", "{8D17F6C7-83CF-4185-97A1-6CAE29F9D3DC}"
EndProject
Global
	GlobalSection(SolutionConfigurationPlatforms) = preSolution
		Debug|Any CPU = Debug|Any CPU
		Release|Any CPU = Release|Any CPU
	EndGlobalSection
	GlobalSection(ProjectConfigurationPlatforms) = postSolution
		{CD263C6C-733F-498D-86E0-32E93F91EA1E}.Debug|Any CPU.ActiveCfg = Debug|Any CPU
		{CD263C6C-733F-498D-86E0-32E93F91EA1E}.Debug|Any CPU.Build.0 = Debug|Any CPU
		{CD263C6C-733F-498D-86E0-32E93F91EA1E}.Release|Any CPU.ActiveCfg = Release|Any CPU
		{CD263C6C-733F-498D-86E0-32E93F91EA1E}.Release|Any CPU.Build.0 = Release|Any CPU
		{1B869102-5464-4AC4-BAF4-3E21AB7FEDB5}.Debug|Any CPU.ActiveCfg = Debug|Any CPU
		{1B869102-5464-4AC4-BAF4-3E21AB7FEDB5}.Debug|Any CPU.Build.0 = Debug|Any CPU
		{1B869102-5464-4AC4-BAF4-3E21AB7FEDB5}.Release|Any CPU.ActiveCfg = Release|Any CPU
		{1B869102-5464-4AC4-BAF4-3E21AB7FEDB5}.Release|Any CPU.Build.0 = Release|Any CPU
		{4480772F-F892-40DD-A1B6-C03D8D8859B0}.Debug|Any CPU.ActiveCfg = Debug|Any CPU
		{4480772F-F892-40DD-A1B6-C03D8D8859B0}.Debug|Any CPU.Build.0 = Debug|Any CPU
		{4480772F-F892-40DD-A1B6-C03D8D8859B0}.Release|Any CPU.ActiveCfg = Release|Any CPU
		{4480772F-F892-40DD-A1B6-C03D8D8859B0}.Release|Any CPU.Build.0 = Release|Any CPU
		{E371D563-201E-4E82-B677-CA9506A51AF2}.Debug|Any CPU.ActiveCfg = Debug|Any CPU
		{E371D563-201E-4E82-B677-CA9506A51AF2}.Debug|Any CPU.Build.0 = Debug|Any CPU
		{E371D563-201E-4E82-B677-CA9506A51AF2}.Release|Any CPU.ActiveCfg = Release|Any CPU
		{E371D563-201E-4E82-B677-CA9506A51AF2}.Release|Any CPU.Build.0 = Release|Any CPU
	EndGlobalSection
	GlobalSection(SolutionProperties) = preSolution
		HideSolutionNode = FALSE
	EndGlobalSection
	GlobalSection(NestedProjects) = preSolution
		{CD263C6C-733F-498D-86E0-32E93F91EA1E} = {F8293DBD-F8AF-4EF3-B2DE-F9D13661F882}
		{1B869102-5464-4AC4-BAF4-3E21AB7FEDB5} = {8D17F6C7-83CF-4185-97A1-6CAE29F9D3DC}
		{4480772F-F892-40DD-A1B6-C03D8D8859B0} = {F5EB5267-2271-46F6-B002-4779C3EF038A}
		{E371D563-201E-4E82-B677-CA9506A51AF2} = {F5EB5267-2271-46F6-B002-4779C3EF038A}
	EndGlobalSection
	GlobalSection(ExtensibilityGlobals) = postSolution
		SolutionGuid = {8204DB72-E9D0-4F98-AABB-8D7E3430651D}
	EndGlobalSection
EndGlobal
